
Microsoft Visual Studio Solution File, Format Version 12.00
# Visual Studio Version 17
VisualStudioVersion = 17.1.32319.34
MinimumVisualStudioVersion = 10.0.40219.1
Project("{FAE04EC0-301F-11D3-BF4B-00C04F79EFBC}") = "TestJobSeletion", "TestJobSeletion\TestJobSeletion.csproj", "{DF8948A4-E4A1-40C1-95F9-BC5E82A3F5D6}"
EndProject
Global
	GlobalSection(SolutionConfigurationPlatforms) = preSolution
		Debug|Any CPU = Debug|Any CPU
		Release|Any CPU = Release|Any CPU
	EndGlobalSection
	GlobalSection(ProjectConfigurationPlatforms) = postSolution
		{DF8948A4-E4A1-40C1-95F9-BC5E82A3F5D6}.Debug|Any CPU.ActiveCfg = Debug|Any CPU
		{DF8948A4-E4A1-40C1-95F9-BC5E82A3F5D6}.Debug|Any CPU.Build.0 = Debug|Any CPU
		{DF8948A4-E4A1-40C1-95F9-BC5E82A3F5D6}.Release|Any CPU.ActiveCfg = Release|Any CPU
		{DF8948A4-E4A1-40C1-95F9-BC5E82A3F5D6}.Release|Any CPU.Build.0 = Release|Any CPU
	EndGlobalSection
	GlobalSection(SolutionProperties) = preSolution
		HideSolutionNode = FALSE
	EndGlobalSection
	GlobalSection(ExtensibilityGlobals) = postSolution
		SolutionGuid = {19D02B41-05C1-41D3-BA01-7627BF75E712}
	EndGlobalSection
EndGlobal
